// !$*UTF8*$!
{
	archiveVersion = 1;
	classes = {
	};
	objectVersion = 70;
	objects = {

/* Begin PBXBuildFile section */
		22A711162DCF8C7600A20BD2 /* SportApp.xcdatamodeld in Sources */ = {isa = PBXBuildFile; fileRef = 22A711142DCF8C7600A20BD2 /* SportApp.xcdatamodeld */; };
		22A711182DCF8C7800A20BD2 /* Assets.xcassets in Resources */ = {isa = PBXBuildFile; fileRef = 22A711172DCF8C7800A20BD2 /* Assets.xcassets */; };
		22A711262DCF8C7800A20BD2 /* SportAppTests.swift in Sources */ = {isa = PBXBuildFile; fileRef = 22A711252DCF8C7800A20BD2 /* SportAppTests.swift */; };
		22A711302DCF8C7800A20BD2 /* SportAppUITests.swift in Sources */ = {isa = PBXBuildFile; fileRef = 22A7112F2DCF8C7800A20BD2 /* SportAppUITests.swift */; };
		22A711322DCF8C7800A20BD2 /* SportAppUITestsLaunchTests.swift in Sources */ = {isa = PBXBuildFile; fileRef = 22A711312DCF8C7800A20BD2 /* SportAppUITestsLaunchTests.swift */; };
		D175F0DF2DD625730055459A /* SportsCollectionViewCell.swift in Sources */ = {isa = PBXBuildFile; fileRef = D175F0DC2DD625730055459A /* SportsCollectionViewCell.swift */; };
		D175F0E02DD625730055459A /* SportsCollectionViewController.swift in Sources */ = {isa = PBXBuildFile; fileRef = D175F0DB2DD625730055459A /* SportsCollectionViewController.swift */; };
		D19C3ACA2DD8F10900FB293E /* loading.json in Resources */ = {isa = PBXBuildFile; fileRef = D19C3AC92DD8F10900FB293E /* loading.json */; };
		D1BA03262DD1272100F15776 /* spalsh.json in Resources */ = {isa = PBXBuildFile; fileRef = D1BA03252DD1272100F15776 /* spalsh.json */; };
		D1BA032A2DD12AE000F15776 /* Lottie in Frameworks */ = {isa = PBXBuildFile; productRef = D1BA03292DD12AE000F15776 /* Lottie */; };
		D1BA032E2DD12E4300F15776 /* splash.json in Resources */ = {isa = PBXBuildFile; fileRef = D1BA032D2DD12E4300F15776 /* splash.json */; };
		D1E15CEF2DD6825E00BB5D5A /* TeamDetailsCell.swift in Sources */ = {isa = PBXBuildFile; fileRef = D1E15CEB2DD6825E00BB5D5A /* TeamDetailsCell.swift */; };
		D1E15CF02DD6825E00BB5D5A /* TeamDetailsViewController.swift in Sources */ = {isa = PBXBuildFile; fileRef = D1E15CEA2DD6825E00BB5D5A /* TeamDetailsViewController.swift */; };
		D1E15CF12DD6825E00BB5D5A /* TeamDetailsCell.xib in Resources */ = {isa = PBXBuildFile; fileRef = D1E15CEC2DD6825E00BB5D5A /* TeamDetailsCell.xib */; };
		D1E15CFC2DD6827F00BB5D5A /* SimpleHeaderView.swift in Sources */ = {isa = PBXBuildFile; fileRef = D1E15CF92DD6827F00BB5D5A /* SimpleHeaderView.swift */; };
		D1E15CFD2DD6827F00BB5D5A /* LatestEventsCollectionViewCell.swift in Sources */ = {isa = PBXBuildFile; fileRef = D1E15CF52DD6827F00BB5D5A /* LatestEventsCollectionViewCell.swift */; };
		D1E15CFE2DD6827F00BB5D5A /* LeaguesDetailsCollectionViewController.swift in Sources */ = {isa = PBXBuildFile; fileRef = D1E15CF22DD6827F00BB5D5A /* LeaguesDetailsCollectionViewController.swift */; };
		D1E15CFF2DD6827F00BB5D5A /* UpComingEvensCollectionViewCell.swift in Sources */ = {isa = PBXBuildFile; fileRef = D1E15CF32DD6827F00BB5D5A /* UpComingEvensCollectionViewCell.swift */; };
		D1E15D002DD6827F00BB5D5A /* TeamCollectionViewCell.swift in Sources */ = {isa = PBXBuildFile; fileRef = D1E15CF72DD6827F00BB5D5A /* TeamCollectionViewCell.swift */; };
		D1E15D012DD6827F00BB5D5A /* UpComingEvensCollectionViewCell.xib in Resources */ = {isa = PBXBuildFile; fileRef = D1E15CF42DD6827F00BB5D5A /* UpComingEvensCollectionViewCell.xib */; };
		D1E15D022DD6827F00BB5D5A /* LatestEventsCollectionViewCell.xib in Resources */ = {isa = PBXBuildFile; fileRef = D1E15CF62DD6827F00BB5D5A /* LatestEventsCollectionViewCell.xib */; };
		D1E15D032DD6827F00BB5D5A /* TeamCollectionViewCell.xib in Resources */ = {isa = PBXBuildFile; fileRef = D1E15CF82DD6827F00BB5D5A /* TeamCollectionViewCell.xib */; };
		D1E4516C2DD2672C005F34BE /* SDWebImage in Frameworks */ = {isa = PBXBuildFile; productRef = D1E4516B2DD2672C005F34BE /* SDWebImage */; };
		D1E451712DD27A6A005F34BE /* Alamofire in Frameworks */ = {isa = PBXBuildFile; productRef = D1E451702DD27A6A005F34BE /* Alamofire */; };
/* End PBXBuildFile section */

/* Begin PBXContainerItemProxy section */
		22A711222DCF8C7800A20BD2 /* PBXContainerItemProxy */ = {
			isa = PBXContainerItemProxy;
			containerPortal = 22A711002DCF8C7600A20BD2 /* Project object */;
			proxyType = 1;
			remoteGlobalIDString = 22A711072DCF8C7600A20BD2;
			remoteInfo = SportApp;
		};
		22A7112C2DCF8C7800A20BD2 /* PBXContainerItemProxy */ = {
			isa = PBXContainerItemProxy;
			containerPortal = 22A711002DCF8C7600A20BD2 /* Project object */;
			proxyType = 1;
			remoteGlobalIDString = 22A711072DCF8C7600A20BD2;
			remoteInfo = SportApp;
		};
/* End PBXContainerItemProxy section */

/* Begin PBXFileReference section */
		22A711082DCF8C7600A20BD2 /* SportApp.app */ = {isa = PBXFileReference; explicitFileType = wrapper.application; includeInIndex = 0; path = SportApp.app; sourceTree = BUILT_PRODUCTS_DIR; };
		22A711152DCF8C7600A20BD2 /* SportApp.xcdatamodel */ = {isa = PBXFileReference; lastKnownFileType = wrapper.xcdatamodel; path = SportApp.xcdatamodel; sourceTree = "<group>"; };
		22A711172DCF8C7800A20BD2 /* Assets.xcassets */ = {isa = PBXFileReference; lastKnownFileType = folder.assetcatalog; path = Assets.xcassets; sourceTree = "<group>"; };
		22A7111C2DCF8C7800A20BD2 /* Info.plist */ = {isa = PBXFileReference; lastKnownFileType = text.plist.xml; path = Info.plist; sourceTree = "<group>"; };
		22A711212DCF8C7800A20BD2 /* SportAppTests.xctest */ = {isa = PBXFileReference; explicitFileType = wrapper.cfbundle; includeInIndex = 0; path = SportAppTests.xctest; sourceTree = BUILT_PRODUCTS_DIR; };
		22A711252DCF8C7800A20BD2 /* SportAppTests.swift */ = {isa = PBXFileReference; lastKnownFileType = sourcecode.swift; path = SportAppTests.swift; sourceTree = "<group>"; };
		22A7112B2DCF8C7800A20BD2 /* SportAppUITests.xctest */ = {isa = PBXFileReference; explicitFileType = wrapper.cfbundle; includeInIndex = 0; path = SportAppUITests.xctest; sourceTree = BUILT_PRODUCTS_DIR; };
		22A7112F2DCF8C7800A20BD2 /* SportAppUITests.swift */ = {isa = PBXFileReference; lastKnownFileType = sourcecode.swift; path = SportAppUITests.swift; sourceTree = "<group>"; };
		22A711312DCF8C7800A20BD2 /* SportAppUITestsLaunchTests.swift */ = {isa = PBXFileReference; lastKnownFileType = sourcecode.swift; path = SportAppUITestsLaunchTests.swift; sourceTree = "<group>"; };
		D175F0DB2DD625730055459A /* SportsCollectionViewController.swift */ = {isa = PBXFileReference; lastKnownFileType = sourcecode.swift; path = SportsCollectionViewController.swift; sourceTree = "<group>"; };
		D175F0DC2DD625730055459A /* SportsCollectionViewCell.swift */ = {isa = PBXFileReference; lastKnownFileType = sourcecode.swift; path = SportsCollectionViewCell.swift; sourceTree = "<group>"; };
		D19C3AC92DD8F10900FB293E /* loading.json */ = {isa = PBXFileReference; lastKnownFileType = text.json; path = loading.json; sourceTree = "<group>"; };
		D1BA03252DD1272100F15776 /* spalsh.json */ = {isa = PBXFileReference; lastKnownFileType = text.json; path = spalsh.json; sourceTree = "<group>"; };
		D1BA032D2DD12E4300F15776 /* splash.json */ = {isa = PBXFileReference; lastKnownFileType = text.json; path = splash.json; sourceTree = "<group>"; };
		D1E15CEA2DD6825E00BB5D5A /* TeamDetailsViewController.swift */ = {isa = PBXFileReference; lastKnownFileType = sourcecode.swift; path = TeamDetailsViewController.swift; sourceTree = "<group>"; };
		D1E15CEB2DD6825E00BB5D5A /* TeamDetailsCell.swift */ = {isa = PBXFileReference; lastKnownFileType = sourcecode.swift; path = TeamDetailsCell.swift; sourceTree = "<group>"; };
		D1E15CEC2DD6825E00BB5D5A /* TeamDetailsCell.xib */ = {isa = PBXFileReference; lastKnownFileType = file.xib; path = TeamDetailsCell.xib; sourceTree = "<group>"; };
		D1E15CF22DD6827F00BB5D5A /* LeaguesDetailsCollectionViewController.swift */ = {isa = PBXFileReference; lastKnownFileType = sourcecode.swift; path = LeaguesDetailsCollectionViewController.swift; sourceTree = "<group>"; };
		D1E15CF32DD6827F00BB5D5A /* UpComingEvensCollectionViewCell.swift */ = {isa = PBXFileReference; lastKnownFileType = sourcecode.swift; path = UpComingEvensCollectionViewCell.swift; sourceTree = "<group>"; };
		D1E15CF42DD6827F00BB5D5A /* UpComingEvensCollectionViewCell.xib */ = {isa = PBXFileReference; lastKnownFileType = file.xib; path = UpComingEvensCollectionViewCell.xib; sourceTree = "<group>"; };
		D1E15CF52DD6827F00BB5D5A /* LatestEventsCollectionViewCell.swift */ = {isa = PBXFileReference; lastKnownFileType = sourcecode.swift; path = LatestEventsCollectionViewCell.swift; sourceTree = "<group>"; };
		D1E15CF62DD6827F00BB5D5A /* LatestEventsCollectionViewCell.xib */ = {isa = PBXFileReference; lastKnownFileType = file.xib; path = LatestEventsCollectionViewCell.xib; sourceTree = "<group>"; };
		D1E15CF72DD6827F00BB5D5A /* TeamCollectionViewCell.swift */ = {isa = PBXFileReference; lastKnownFileType = sourcecode.swift; path = TeamCollectionViewCell.swift; sourceTree = "<group>"; };
		D1E15CF82DD6827F00BB5D5A /* TeamCollectionViewCell.xib */ = {isa = PBXFileReference; lastKnownFileType = file.xib; path = TeamCollectionViewCell.xib; sourceTree = "<group>"; };
		D1E15CF92DD6827F00BB5D5A /* SimpleHeaderView.swift */ = {isa = PBXFileReference; lastKnownFileType = sourcecode.swift; path = SimpleHeaderView.swift; sourceTree = "<group>"; };
/* End PBXFileReference section */

/* Begin PBXFileSystemSynchronizedRootGroup section */
		D1E452512DD370C5005F34BE /* App */ = {isa = PBXFileSystemSynchronizedRootGroup; explicitFileTypes = {}; explicitFolders = (); path = App; sourceTree = "<group>"; };
		D1E452522DD370E4005F34BE /* view */ = {isa = PBXFileSystemSynchronizedRootGroup; explicitFileTypes = {}; explicitFolders = (); path = view; sourceTree = "<group>"; };
		D1E452532DD37227005F34BE /* leagues */ = {isa = PBXFileSystemSynchronizedRootGroup; explicitFileTypes = {}; explicitFolders = (); path = leagues; sourceTree = "<group>"; };
		D1E452562DD3728A005F34BE /* Onboarding */ = {isa = PBXFileSystemSynchronizedRootGroup; explicitFileTypes = {}; explicitFolders = (); path = Onboarding; sourceTree = "<group>"; };
		D1E452572DD372DA005F34BE /* Model */ = {isa = PBXFileSystemSynchronizedRootGroup; explicitFileTypes = {}; explicitFolders = (); path = Model; sourceTree = "<group>"; };
		D1E4530D2DD3CD74005F34BE /* Favorite */ = {isa = PBXFileSystemSynchronizedRootGroup; explicitFileTypes = {}; explicitFolders = (); path = Favorite; sourceTree = "<group>"; };
/* End PBXFileSystemSynchronizedRootGroup section */

/* Begin PBXFrameworksBuildPhase section */
		22A711052DCF8C7600A20BD2 /* Frameworks */ = {
			isa = PBXFrameworksBuildPhase;
			buildActionMask = 2147483647;
			files = (
				D1E4516C2DD2672C005F34BE /* SDWebImage in Frameworks */,
				D1E451712DD27A6A005F34BE /* Alamofire in Frameworks */,
				D1BA032A2DD12AE000F15776 /* Lottie in Frameworks */,
			);
			runOnlyForDeploymentPostprocessing = 0;
		};
		22A7111E2DCF8C7800A20BD2 /* Frameworks */ = {
			isa = PBXFrameworksBuildPhase;
			buildActionMask = 2147483647;
			files = (
			);
			runOnlyForDeploymentPostprocessing = 0;
		};
		22A711282DCF8C7800A20BD2 /* Frameworks */ = {
			isa = PBXFrameworksBuildPhase;
			buildActionMask = 2147483647;
			files = (
			);
			runOnlyForDeploymentPostprocessing = 0;
		};
/* End PBXFrameworksBuildPhase section */

/* Begin PBXGroup section */
		22A710FF2DCF8C7600A20BD2 = {
			isa = PBXGroup;
			children = (
				22A7110A2DCF8C7600A20BD2 /* SportApp */,
				22A711242DCF8C7800A20BD2 /* SportAppTests */,
				22A7112E2DCF8C7800A20BD2 /* SportAppUITests */,
				22A711092DCF8C7600A20BD2 /* Products */,
			);
			sourceTree = "<group>";
		};
		22A711092DCF8C7600A20BD2 /* Products */ = {
			isa = PBXGroup;
			children = (
				22A711082DCF8C7600A20BD2 /* SportApp.app */,
				22A711212DCF8C7800A20BD2 /* SportAppTests.xctest */,
				22A7112B2DCF8C7800A20BD2 /* SportAppUITests.xctest */,
			);
			name = Products;
			sourceTree = "<group>";
		};
		22A7110A2DCF8C7600A20BD2 /* SportApp */ = {
			isa = PBXGroup;
			children = (
				D1E15CEE2DD6825E00BB5D5A /* TeamDetails */,
				D1E4530D2DD3CD74005F34BE /* Favorite */,
				D1E452572DD372DA005F34BE /* Model */,
				D1E452562DD3728A005F34BE /* Onboarding */,
				D1E452532DD37227005F34BE /* leagues */,
				D1E452522DD370E4005F34BE /* view */,
				D1E452512DD370C5005F34BE /* App */,
				D1BA03242DD126C200F15776 /* Support File */,
				22A7111C2DCF8C7800A20BD2 /* Info.plist */,
				22A711142DCF8C7600A20BD2 /* SportApp.xcdatamodeld */,
				D175F0DE2DD625730055459A /* Sports */,
				D1E15CFB2DD6827F00BB5D5A /* LeaguesDetails */,
			);
			path = SportApp;
			sourceTree = "<group>";
		};
		22A711242DCF8C7800A20BD2 /* SportAppTests */ = {
			isa = PBXGroup;
			children = (
				22A711252DCF8C7800A20BD2 /* SportAppTests.swift */,
			);
			path = SportAppTests;
			sourceTree = "<group>";
		};
		22A7112E2DCF8C7800A20BD2 /* SportAppUITests */ = {
			isa = PBXGroup;
			children = (
				22A7112F2DCF8C7800A20BD2 /* SportAppUITests.swift */,
				22A711312DCF8C7800A20BD2 /* SportAppUITestsLaunchTests.swift */,
			);
			path = SportAppUITests;
			sourceTree = "<group>";
		};
		D175F0DD2DD625730055459A /* View */ = {
			isa = PBXGroup;
			children = (
				D175F0DB2DD625730055459A /* SportsCollectionViewController.swift */,
				D175F0DC2DD625730055459A /* SportsCollectionViewCell.swift */,
			);
			path = View;
			sourceTree = "<group>";
		};
		D175F0DE2DD625730055459A /* Sports */ = {
			isa = PBXGroup;
			children = (
				D175F0DD2DD625730055459A /* View */,
			);
			path = Sports;
			sourceTree = "<group>";
		};
		D1BA03242DD126C200F15776 /* Support File */ = {
			isa = PBXGroup;
			children = (
				D1BA03252DD1272100F15776 /* spalsh.json */,
				D1BA032D2DD12E4300F15776 /* splash.json */,
				22A711172DCF8C7800A20BD2 /* Assets.xcassets */,
				D19C3AC92DD8F10900FB293E /* loading.json */,
			);
			path = "Support File";
			sourceTree = "<group>";
		};
		D1E15CED2DD6825E00BB5D5A /* view */ = {
			isa = PBXGroup;
			children = (
				D1E15CEA2DD6825E00BB5D5A /* TeamDetailsViewController.swift */,
				D1E15CEB2DD6825E00BB5D5A /* TeamDetailsCell.swift */,
				D1E15CEC2DD6825E00BB5D5A /* TeamDetailsCell.xib */,
			);
			path = view;
			sourceTree = "<group>";
		};
		D1E15CEE2DD6825E00BB5D5A /* TeamDetails */ = {
			isa = PBXGroup;
			children = (
				D1E15CED2DD6825E00BB5D5A /* view */,
			);
			path = TeamDetails;
			sourceTree = "<group>";
		};
		D1E15CFA2DD6827F00BB5D5A /* view */ = {
			isa = PBXGroup;
			children = (
				D1E15CF22DD6827F00BB5D5A /* LeaguesDetailsCollectionViewController.swift */,
				D1E15CF32DD6827F00BB5D5A /* UpComingEvensCollectionViewCell.swift */,
				D1E15CF42DD6827F00BB5D5A /* UpComingEvensCollectionViewCell.xib */,
				D1E15CF52DD6827F00BB5D5A /* LatestEventsCollectionViewCell.swift */,
				D1E15CF62DD6827F00BB5D5A /* LatestEventsCollectionViewCell.xib */,
				D1E15CF72DD6827F00BB5D5A /* TeamCollectionViewCell.swift */,
				D1E15CF82DD6827F00BB5D5A /* TeamCollectionViewCell.xib */,
				D1E15CF92DD6827F00BB5D5A /* SimpleHeaderView.swift */,
			);
			path = view;
			sourceTree = "<group>";
		};
		D1E15CFB2DD6827F00BB5D5A /* LeaguesDetails */ = {
			isa = PBXGroup;
			children = (
				D1E15CFA2DD6827F00BB5D5A /* view */,
			);
			path = LeaguesDetails;
			sourceTree = "<group>";
		};
/* End PBXGroup section */

/* Begin PBXNativeTarget section */
		22A711072DCF8C7600A20BD2 /* SportApp */ = {
			isa = PBXNativeTarget;
			buildConfigurationList = 22A711352DCF8C7800A20BD2 /* Build configuration list for PBXNativeTarget "SportApp" */;
			buildPhases = (
				22A711042DCF8C7600A20BD2 /* Sources */,
				22A711052DCF8C7600A20BD2 /* Frameworks */,
				22A711062DCF8C7600A20BD2 /* Resources */,
			);
			buildRules = (
			);
			dependencies = (
			);
			fileSystemSynchronizedGroups = (
				D1E452512DD370C5005F34BE /* App */,
				D1E452522DD370E4005F34BE /* view */,
				D1E452532DD37227005F34BE /* leagues */,
				D1E452562DD3728A005F34BE /* Onboarding */,
				D1E452572DD372DA005F34BE /* Model */,
				D1E4530D2DD3CD74005F34BE /* Favorite */,
			);
			name = SportApp;
			productName = SportApp;
			productReference = 22A711082DCF8C7600A20BD2 /* SportApp.app */;
			productType = "com.apple.product-type.application";
		};
		22A711202DCF8C7800A20BD2 /* SportAppTests */ = {
			isa = PBXNativeTarget;
			buildConfigurationList = 22A711382DCF8C7800A20BD2 /* Build configuration list for PBXNativeTarget "SportAppTests" */;
			buildPhases = (
				22A7111D2DCF8C7800A20BD2 /* Sources */,
				22A7111E2DCF8C7800A20BD2 /* Frameworks */,
				22A7111F2DCF8C7800A20BD2 /* Resources */,
			);
			buildRules = (
			);
			dependencies = (
				22A711232DCF8C7800A20BD2 /* PBXTargetDependency */,
			);
			name = SportAppTests;
			productName = SportAppTests;
			productReference = 22A711212DCF8C7800A20BD2 /* SportAppTests.xctest */;
			productType = "com.apple.product-type.bundle.unit-test";
		};
		22A7112A2DCF8C7800A20BD2 /* SportAppUITests */ = {
			isa = PBXNativeTarget;
			buildConfigurationList = 22A7113B2DCF8C7800A20BD2 /* Build configuration list for PBXNativeTarget "SportAppUITests" */;
			buildPhases = (
				22A711272DCF8C7800A20BD2 /* Sources */,
				22A711282DCF8C7800A20BD2 /* Frameworks */,
				22A711292DCF8C7800A20BD2 /* Resources */,
			);
			buildRules = (
			);
			dependencies = (
				22A7112D2DCF8C7800A20BD2 /* PBXTargetDependency */,
			);
			name = SportAppUITests;
			productName = SportAppUITests;
			productReference = 22A7112B2DCF8C7800A20BD2 /* SportAppUITests.xctest */;
			productType = "com.apple.product-type.bundle.ui-testing";
		};
/* End PBXNativeTarget section */

/* Begin PBXProject section */
		22A711002DCF8C7600A20BD2 /* Project object */ = {
			isa = PBXProject;
			attributes = {
				BuildIndependentTargetsInParallel = 1;
				LastSwiftUpdateCheck = 1420;
				LastUpgradeCheck = 1420;
				TargetAttributes = {
					22A711072DCF8C7600A20BD2 = {
						CreatedOnToolsVersion = 14.2;
					};
					22A711202DCF8C7800A20BD2 = {
						CreatedOnToolsVersion = 14.2;
						TestTargetID = 22A711072DCF8C7600A20BD2;
					};
					22A7112A2DCF8C7800A20BD2 = {
						CreatedOnToolsVersion = 14.2;
						TestTargetID = 22A711072DCF8C7600A20BD2;
					};
				};
			};
			buildConfigurationList = 22A711032DCF8C7600A20BD2 /* Build configuration list for PBXProject "SportApp" */;
			compatibilityVersion = "Xcode 14.0";
			developmentRegion = en;
			hasScannedForEncodings = 0;
			knownRegions = (
				en,
				Base,
			);
			mainGroup = 22A710FF2DCF8C7600A20BD2;
			packageReferences = (
				D1BA03232DD1269C00F15776 /* XCRemoteSwiftPackageReference "lottie-ios" */,
				D1E4516A2DD2672C005F34BE /* XCRemoteSwiftPackageReference "SDWebImage" */,
				D1E4516F2DD27A6A005F34BE /* XCRemoteSwiftPackageReference "Alamofire" */,
			);
			productRefGroup = 22A711092DCF8C7600A20BD2 /* Products */;
			projectDirPath = "";
			projectRoot = "";
			targets = (
				22A711072DCF8C7600A20BD2 /* SportApp */,
				22A711202DCF8C7800A20BD2 /* SportAppTests */,
				22A7112A2DCF8C7800A20BD2 /* SportAppUITests */,
			);
		};
/* End PBXProject section */

/* Begin PBXResourcesBuildPhase section */
		22A711062DCF8C7600A20BD2 /* Resources */ = {
			isa = PBXResourcesBuildPhase;
			buildActionMask = 2147483647;
			files = (
				22A711182DCF8C7800A20BD2 /* Assets.xcassets in Resources */,
				D1E15D012DD6827F00BB5D5A /* UpComingEvensCollectionViewCell.xib in Resources */,
				D1E15D022DD6827F00BB5D5A /* LatestEventsCollectionViewCell.xib in Resources */,
				D1E15D032DD6827F00BB5D5A /* TeamCollectionViewCell.xib in Resources */,
				D19C3ACA2DD8F10900FB293E /* loading.json in Resources */,
				D1E15CF12DD6825E00BB5D5A /* TeamDetailsCell.xib in Resources */,
				D1BA03262DD1272100F15776 /* spalsh.json in Resources */,
				D1BA032E2DD12E4300F15776 /* splash.json in Resources */,
			);
			runOnlyForDeploymentPostprocessing = 0;
		};
		22A7111F2DCF8C7800A20BD2 /* Resources */ = {
			isa = PBXResourcesBuildPhase;
			buildActionMask = 2147483647;
			files = (
			);
			runOnlyForDeploymentPostprocessing = 0;
		};
		22A711292DCF8C7800A20BD2 /* Resources */ = {
			isa = PBXResourcesBuildPhase;
			buildActionMask = 2147483647;
			files = (
			);
			runOnlyForDeploymentPostprocessing = 0;
		};
/* End PBXResourcesBuildPhase section */

/* Begin PBXSourcesBuildPhase section */
		22A711042DCF8C7600A20BD2 /* Sources */ = {
			isa = PBXSourcesBuildPhase;
			buildActionMask = 2147483647;
			files = (
				D175F0DF2DD625730055459A /* SportsCollectionViewCell.swift in Sources */,
				D1E15CEF2DD6825E00BB5D5A /* TeamDetailsCell.swift in Sources */,
				D1E15CF02DD6825E00BB5D5A /* TeamDetailsViewController.swift in Sources */,
				D175F0E02DD625730055459A /* SportsCollectionViewController.swift in Sources */,
				D1E15CFC2DD6827F00BB5D5A /* SimpleHeaderView.swift in Sources */,
				D1E15CFD2DD6827F00BB5D5A /* LatestEventsCollectionViewCell.swift in Sources */,
				D1E15CFE2DD6827F00BB5D5A /* LeaguesDetailsCollectionViewController.swift in Sources */,
				D1E15CFF2DD6827F00BB5D5A /* UpComingEvensCollectionViewCell.swift in Sources */,
				D1E15D002DD6827F00BB5D5A /* TeamCollectionViewCell.swift in Sources */,
				22A711162DCF8C7600A20BD2 /* SportApp.xcdatamodeld in Sources */,
			);
			runOnlyForDeploymentPostprocessing = 0;
		};
		22A7111D2DCF8C7800A20BD2 /* Sources */ = {
			isa = PBXSourcesBuildPhase;
			buildActionMask = 2147483647;
			files = (
				22A711262DCF8C7800A20BD2 /* SportAppTests.swift in Sources */,
			);
			runOnlyForDeploymentPostprocessing = 0;
		};
		22A711272DCF8C7800A20BD2 /* Sources */ = {
			isa = PBXSourcesBuildPhase;
			buildActionMask = 2147483647;
			files = (
				22A711322DCF8C7800A20BD2 /* SportAppUITestsLaunchTests.swift in Sources */,
				22A711302DCF8C7800A20BD2 /* SportAppUITests.swift in Sources */,
			);
			runOnlyForDeploymentPostprocessing = 0;
		};
/* End PBXSourcesBuildPhase section */

/* Begin PBXTargetDependency section */
		22A711232DCF8C7800A20BD2 /* PBXTargetDependency */ = {
			isa = PBXTargetDependency;
			target = 22A711072DCF8C7600A20BD2 /* SportApp */;
			targetProxy = 22A711222DCF8C7800A20BD2 /* PBXContainerItemProxy */;
		};
		22A7112D2DCF8C7800A20BD2 /* PBXTargetDependency */ = {
			isa = PBXTargetDependency;
			target = 22A711072DCF8C7600A20BD2 /* SportApp */;
			targetProxy = 22A7112C2DCF8C7800A20BD2 /* PBXContainerItemProxy */;
		};
/* End PBXTargetDependency section */

/* Begin XCBuildConfiguration section */
		22A711332DCF8C7800A20BD2 /* Debug */ = {
			isa = XCBuildConfiguration;
			buildSettings = {
				ALWAYS_SEARCH_USER_PATHS = NO;
				CLANG_ANALYZER_NONNULL = YES;
				CLANG_ANALYZER_NUMBER_OBJECT_CONVERSION = YES_AGGRESSIVE;
				CLANG_CXX_LANGUAGE_STANDARD = "gnu++20";
				CLANG_ENABLE_MODULES = YES;
				CLANG_ENABLE_OBJC_ARC = YES;
				CLANG_ENABLE_OBJC_WEAK = YES;
				CLANG_WARN_BLOCK_CAPTURE_AUTORELEASING = YES;
				CLANG_WARN_BOOL_CONVERSION = YES;
				CLANG_WARN_COMMA = YES;
				CLANG_WARN_CONSTANT_CONVERSION = YES;
				CLANG_WARN_DEPRECATED_OBJC_IMPLEMENTATIONS = YES;
				CLANG_WARN_DIRECT_OBJC_ISA_USAGE = YES_ERROR;
				CLANG_WARN_DOCUMENTATION_COMMENTS = YES;
				CLANG_WARN_EMPTY_BODY = YES;
				CLANG_WARN_ENUM_CONVERSION = YES;
				CLANG_WARN_INFINITE_RECURSION = YES;
				CLANG_WARN_INT_CONVERSION = YES;
				CLANG_WARN_NON_LITERAL_NULL_CONVERSION = YES;
				CLANG_WARN_OBJC_IMPLICIT_RETAIN_SELF = YES;
				CLANG_WARN_OBJC_LITERAL_CONVERSION = YES;
				CLANG_WARN_OBJC_ROOT_CLASS = YES_ERROR;
				CLANG_WARN_QUOTED_INCLUDE_IN_FRAMEWORK_HEADER = YES;
				CLANG_WARN_RANGE_LOOP_ANALYSIS = YES;
				CLANG_WARN_STRICT_PROTOTYPES = YES;
				CLANG_WARN_SUSPICIOUS_MOVE = YES;
				CLANG_WARN_UNGUARDED_AVAILABILITY = YES_AGGRESSIVE;
				CLANG_WARN_UNREACHABLE_CODE = YES;
				CLANG_WARN__DUPLICATE_METHOD_MATCH = YES;
				COPY_PHASE_STRIP = NO;
				DEBUG_INFORMATION_FORMAT = dwarf;
				ENABLE_STRICT_OBJC_MSGSEND = YES;
				ENABLE_TESTABILITY = YES;
				GCC_C_LANGUAGE_STANDARD = gnu11;
				GCC_DYNAMIC_NO_PIC = NO;
				GCC_NO_COMMON_BLOCKS = YES;
				GCC_OPTIMIZATION_LEVEL = 0;
				GCC_PREPROCESSOR_DEFINITIONS = (
					"DEBUG=1",
					"$(inherited)",
				);
				GCC_WARN_64_TO_32_BIT_CONVERSION = YES;
				GCC_WARN_ABOUT_RETURN_TYPE = YES_ERROR;
				GCC_WARN_UNDECLARED_SELECTOR = YES;
				GCC_WARN_UNINITIALIZED_AUTOS = YES_AGGRESSIVE;
				GCC_WARN_UNUSED_FUNCTION = YES;
				GCC_WARN_UNUSED_VARIABLE = YES;
				IPHONEOS_DEPLOYMENT_TARGET = 16.2;
				MTL_ENABLE_DEBUG_INFO = INCLUDE_SOURCE;
				MTL_FAST_MATH = YES;
				ONLY_ACTIVE_ARCH = YES;
				SDKROOT = iphoneos;
				SWIFT_ACTIVE_COMPILATION_CONDITIONS = DEBUG;
				SWIFT_OPTIMIZATION_LEVEL = "-Onone";
			};
			name = Debug;
		};
		22A711342DCF8C7800A20BD2 /* Release */ = {
			isa = XCBuildConfiguration;
			buildSettings = {
				ALWAYS_SEARCH_USER_PATHS = NO;
				CLANG_ANALYZER_NONNULL = YES;
				CLANG_ANALYZER_NUMBER_OBJECT_CONVERSION = YES_AGGRESSIVE;
				CLANG_CXX_LANGUAGE_STANDARD = "gnu++20";
				CLANG_ENABLE_MODULES = YES;
				CLANG_ENABLE_OBJC_ARC = YES;
				CLANG_ENABLE_OBJC_WEAK = YES;
				CLANG_WARN_BLOCK_CAPTURE_AUTORELEASING = YES;
				CLANG_WARN_BOOL_CONVERSION = YES;
				CLANG_WARN_COMMA = YES;
				CLANG_WARN_CONSTANT_CONVERSION = YES;
				CLANG_WARN_DEPRECATED_OBJC_IMPLEMENTATIONS = YES;
				CLANG_WARN_DIRECT_OBJC_ISA_USAGE = YES_ERROR;
				CLANG_WARN_DOCUMENTATION_COMMENTS = YES;
				CLANG_WARN_EMPTY_BODY = YES;
				CLANG_WARN_ENUM_CONVERSION = YES;
				CLANG_WARN_INFINITE_RECURSION = YES;
				CLANG_WARN_INT_CONVERSION = YES;
				CLANG_WARN_NON_LITERAL_NULL_CONVERSION = YES;
				CLANG_WARN_OBJC_IMPLICIT_RETAIN_SELF = YES;
				CLANG_WARN_OBJC_LITERAL_CONVERSION = YES;
				CLANG_WARN_OBJC_ROOT_CLASS = YES_ERROR;
				CLANG_WARN_QUOTED_INCLUDE_IN_FRAMEWORK_HEADER = YES;
				CLANG_WARN_RANGE_LOOP_ANALYSIS = YES;
				CLANG_WARN_STRICT_PROTOTYPES = YES;
				CLANG_WARN_SUSPICIOUS_MOVE = YES;
				CLANG_WARN_UNGUARDED_AVAILABILITY = YES_AGGRESSIVE;
				CLANG_WARN_UNREACHABLE_CODE = YES;
				CLANG_WARN__DUPLICATE_METHOD_MATCH = YES;
				COPY_PHASE_STRIP = NO;
				DEBUG_INFORMATION_FORMAT = "dwarf-with-dsym";
				ENABLE_NS_ASSERTIONS = NO;
				ENABLE_STRICT_OBJC_MSGSEND = YES;
				GCC_C_LANGUAGE_STANDARD = gnu11;
				GCC_NO_COMMON_BLOCKS = YES;
				GCC_WARN_64_TO_32_BIT_CONVERSION = YES;
				GCC_WARN_ABOUT_RETURN_TYPE = YES_ERROR;
				GCC_WARN_UNDECLARED_SELECTOR = YES;
				GCC_WARN_UNINITIALIZED_AUTOS = YES_AGGRESSIVE;
				GCC_WARN_UNUSED_FUNCTION = YES;
				GCC_WARN_UNUSED_VARIABLE = YES;
				IPHONEOS_DEPLOYMENT_TARGET = 16.2;
				MTL_ENABLE_DEBUG_INFO = NO;
				MTL_FAST_MATH = YES;
				SDKROOT = iphoneos;
				SWIFT_COMPILATION_MODE = wholemodule;
				SWIFT_OPTIMIZATION_LEVEL = "-O";
				VALIDATE_PRODUCT = YES;
			};
			name = Release;
		};
		22A711362DCF8C7800A20BD2 /* Debug */ = {
			isa = XCBuildConfiguration;
			buildSettings = {
				ASSETCATALOG_COMPILER_APPICON_NAME = AppIcon;
				ASSETCATALOG_COMPILER_GLOBAL_ACCENT_COLOR_NAME = AccentColor;
				CODE_SIGN_STYLE = Automatic;
				CURRENT_PROJECT_VERSION = 1;
				GENERATE_INFOPLIST_FILE = YES;
				INFOPLIST_FILE = SportApp/Info.plist;
				INFOPLIST_KEY_UIApplicationSupportsIndirectInputEvents = YES;
				INFOPLIST_KEY_UILaunchStoryboardName = LaunchScreen;
				INFOPLIST_KEY_UIMainStoryboardFile = Main;
				INFOPLIST_KEY_UISupportedInterfaceOrientations_iPad = "UIInterfaceOrientationPortrait UIInterfaceOrientationPortraitUpsideDown UIInterfaceOrientationLandscapeLeft UIInterfaceOrientationLandscapeRight";
				INFOPLIST_KEY_UISupportedInterfaceOrientations_iPhone = "UIInterfaceOrientationPortrait UIInterfaceOrientationLandscapeLeft UIInterfaceOrientationLandscapeRight";
				LD_RUNPATH_SEARCH_PATHS = (
					"$(inherited)",
					"@executable_path/Frameworks",
				);
				MARKETING_VERSION = 1.0;
				PRODUCT_BUNDLE_IDENTIFIER = IOSUsingSwift.SportApp;
				PRODUCT_NAME = "$(TARGET_NAME)";
				SWIFT_EMIT_LOC_STRINGS = YES;
				SWIFT_VERSION = 5.0;
				TARGETED_DEVICE_FAMILY = "1,2";
			};
			name = Debug;
		};
		22A711372DCF8C7800A20BD2 /* Release */ = {
			isa = XCBuildConfiguration;
			buildSettings = {
				ASSETCATALOG_COMPILER_APPICON_NAME = AppIcon;
				ASSETCATALOG_COMPILER_GLOBAL_ACCENT_COLOR_NAME = AccentColor;
				CODE_SIGN_STYLE = Automatic;
				CURRENT_PROJECT_VERSION = 1;
				GENERATE_INFOPLIST_FILE = YES;
				INFOPLIST_FILE = SportApp/Info.plist;
				INFOPLIST_KEY_UIApplicationSupportsIndirectInputEvents = YES;
				INFOPLIST_KEY_UILaunchStoryboardName = LaunchScreen;
				INFOPLIST_KEY_UIMainStoryboardFile = Main;
				INFOPLIST_KEY_UISupportedInterfaceOrientations_iPad = "UIInterfaceOrientationPortrait UIInterfaceOrientationPortraitUpsideDown UIInterfaceOrientationLandscapeLeft UIInterfaceOrientationLandscapeRight";
				INFOPLIST_KEY_UISupportedInterfaceOrientations_iPhone = "UIInterfaceOrientationPortrait UIInterfaceOrientationLandscapeLeft UIInterfaceOrientationLandscapeRight";
				LD_RUNPATH_SEARCH_PATHS = (
					"$(inherited)",
					"@executable_path/Frameworks",
				);
				MARKETING_VERSION = 1.0;
				PRODUCT_BUNDLE_IDENTIFIER = IOSUsingSwift.SportApp;
				PRODUCT_NAME = "$(TARGET_NAME)";
				SWIFT_EMIT_LOC_STRINGS = YES;
				SWIFT_VERSION = 5.0;
				TARGETED_DEVICE_FAMILY = "1,2";
			};
			name = Release;
		};
		22A711392DCF8C7800A20BD2 /* Debug */ = {
			isa = XCBuildConfiguration;
			buildSettings = {
				ALWAYS_EMBED_SWIFT_STANDARD_LIBRARIES = YES;
				BUNDLE_LOADER = "$(TEST_HOST)";
				CODE_SIGN_STYLE = Automatic;
				CURRENT_PROJECT_VERSION = 1;
				GENERATE_INFOPLIST_FILE = YES;
				IPHONEOS_DEPLOYMENT_TARGET = 16.2;
				MARKETING_VERSION = 1.0;
				PRODUCT_BUNDLE_IDENTIFIER = IOSUsingSwift.SportAppTests;
				PRODUCT_NAME = "$(TARGET_NAME)";
				SWIFT_EMIT_LOC_STRINGS = NO;
				SWIFT_VERSION = 5.0;
				TARGETED_DEVICE_FAMILY = "1,2";
				TEST_HOST = "$(BUILT_PRODUCTS_DIR)/SportApp.app/$(BUNDLE_EXECUTABLE_FOLDER_PATH)/SportApp";
			};
			name = Debug;
		};
		22A7113A2DCF8C7800A20BD2 /* Release */ = {
			isa = XCBuildConfiguration;
			buildSettings = {
				ALWAYS_EMBED_SWIFT_STANDARD_LIBRARIES = YES;
				BUNDLE_LOADER = "$(TEST_HOST)";
				CODE_SIGN_STYLE = Automatic;
				CURRENT_PROJECT_VERSION = 1;
				GENERATE_INFOPLIST_FILE = YES;
				IPHONEOS_DEPLOYMENT_TARGET = 16.2;
				MARKETING_VERSION = 1.0;
				PRODUCT_BUNDLE_IDENTIFIER = IOSUsingSwift.SportAppTests;
				PRODUCT_NAME = "$(TARGET_NAME)";
				SWIFT_EMIT_LOC_STRINGS = NO;
				SWIFT_VERSION = 5.0;
				TARGETED_DEVICE_FAMILY = "1,2";
				TEST_HOST = "$(BUILT_PRODUCTS_DIR)/SportApp.app/$(BUNDLE_EXECUTABLE_FOLDER_PATH)/SportApp";
			};
			name = Release;
		};
		22A7113C2DCF8C7800A20BD2 /* Debug */ = {
			isa = XCBuildConfiguration;
			buildSettings = {
				ALWAYS_EMBED_SWIFT_STANDARD_LIBRARIES = YES;
				CODE_SIGN_STYLE = Automatic;
				CURRENT_PROJECT_VERSION = 1;
				GENERATE_INFOPLIST_FILE = YES;
				MARKETING_VERSION = 1.0;
				PRODUCT_BUNDLE_IDENTIFIER = IOSUsingSwift.SportAppUITests;
				PRODUCT_NAME = "$(TARGET_NAME)";
				SWIFT_EMIT_LOC_STRINGS = NO;
				SWIFT_VERSION = 5.0;
				TARGETED_DEVICE_FAMILY = "1,2";
				TEST_TARGET_NAME = SportApp;
			};
			name = Debug;
		};
		22A7113D2DCF8C7800A20BD2 /* Release */ = {
			isa = XCBuildConfiguration;
			buildSettings = {
				ALWAYS_EMBED_SWIFT_STANDARD_LIBRARIES = YES;
				CODE_SIGN_STYLE = Automatic;
				CURRENT_PROJECT_VERSION = 1;
				GENERATE_INFOPLIST_FILE = YES;
				MARKETING_VERSION = 1.0;
				PRODUCT_BUNDLE_IDENTIFIER = IOSUsingSwift.SportAppUITests;
				PRODUCT_NAME = "$(TARGET_NAME)";
				SWIFT_EMIT_LOC_STRINGS = NO;
				SWIFT_VERSION = 5.0;
				TARGETED_DEVICE_FAMILY = "1,2";
				TEST_TARGET_NAME = SportApp;
			};
			name = Release;
		};
/* End XCBuildConfiguration section */

/* Begin XCConfigurationList section */
		22A711032DCF8C7600A20BD2 /* Build configuration list for PBXProject "SportApp" */ = {
			isa = XCConfigurationList;
			buildConfigurations = (
				22A711332DCF8C7800A20BD2 /* Debug */,
				22A711342DCF8C7800A20BD2 /* Release */,
			);
			defaultConfigurationIsVisible = 0;
			defaultConfigurationName = Release;
		};
		22A711352DCF8C7800A20BD2 /* Build configuration list for PBXNativeTarget "SportApp" */ = {
			isa = XCConfigurationList;
			buildConfigurations = (
				22A711362DCF8C7800A20BD2 /* Debug */,
				22A711372DCF8C7800A20BD2 /* Release */,
			);
			defaultConfigurationIsVisible = 0;
			defaultConfigurationName = Release;
		};
		22A711382DCF8C7800A20BD2 /* Build configuration list for PBXNativeTarget "SportAppTests" */ = {
			isa = XCConfigurationList;
			buildConfigurations = (
				22A711392DCF8C7800A20BD2 /* Debug */,
				22A7113A2DCF8C7800A20BD2 /* Release */,
			);
			defaultConfigurationIsVisible = 0;
			defaultConfigurationName = Release;
		};
		22A7113B2DCF8C7800A20BD2 /* Build configuration list for PBXNativeTarget "SportAppUITests" */ = {
			isa = XCConfigurationList;
			buildConfigurations = (
				22A7113C2DCF8C7800A20BD2 /* Debug */,
				22A7113D2DCF8C7800A20BD2 /* Release */,
			);
			defaultConfigurationIsVisible = 0;
			defaultConfigurationName = Release;
		};
/* End XCConfigurationList section */

/* Begin XCRemoteSwiftPackageReference section */
		D1BA03232DD1269C00F15776 /* XCRemoteSwiftPackageReference "lottie-ios" */ = {
			isa = XCRemoteSwiftPackageReference;
			repositoryURL = "https://github.com/airbnb/lottie-ios.git";
			requirement = {
				kind = exactVersion;
				version = 4.4.3;
			};
		};
		D1E4516A2DD2672C005F34BE /* XCRemoteSwiftPackageReference "SDWebImage" */ = {
			isa = XCRemoteSwiftPackageReference;
			repositoryURL = "https://github.com/SDWebImage/SDWebImage";
			requirement = {
				kind = upToNextMajorVersion;
				minimumVersion = 5.21.0;
			};
		};
		D1E4516F2DD27A6A005F34BE /* XCRemoteSwiftPackageReference "Alamofire" */ = {
			isa = XCRemoteSwiftPackageReference;
			repositoryURL = "https://github.com/Alamofire/Alamofire.git";
			requirement = {
				kind = upToNextMajorVersion;
				minimumVersion = 5.10.2;
			};
		};
/* End XCRemoteSwiftPackageReference section */

/* Begin XCSwiftPackageProductDependency section */
		D1BA03292DD12AE000F15776 /* Lottie */ = {
			isa = XCSwiftPackageProductDependency;
			package = D1BA03232DD1269C00F15776 /* XCRemoteSwiftPackageReference "lottie-ios" */;
			productName = Lottie;
		};
		D1E4516B2DD2672C005F34BE /* SDWebImage */ = {
			isa = XCSwiftPackageProductDependency;
			package = D1E4516A2DD2672C005F34BE /* XCRemoteSwiftPackageReference "SDWebImage" */;
			productName = SDWebImage;
		};
		D1E451702DD27A6A005F34BE /* Alamofire */ = {
			isa = XCSwiftPackageProductDependency;
			package = D1E4516F2DD27A6A005F34BE /* XCRemoteSwiftPackageReference "Alamofire" */;
			productName = Alamofire;
		};
/* End XCSwiftPackageProductDependency section */

/* Begin XCVersionGroup section */
		22A711142DCF8C7600A20BD2 /* SportApp.xcdatamodeld */ = {
			isa = XCVersionGroup;
			children = (
				22A711152DCF8C7600A20BD2 /* SportApp.xcdatamodel */,
			);
			currentVersion = 22A711152DCF8C7600A20BD2 /* SportApp.xcdatamodel */;
			path = SportApp.xcdatamodeld;
			sourceTree = "<group>";
			versionGroupType = wrapper.xcdatamodel;
		};
/* End XCVersionGroup section */
	};
	rootObject = 22A711002DCF8C7600A20BD2 /* Project object */;
}
